
Microsoft Visual Studio Solution File, Format Version 12.00
# Visual Studio Version 17
VisualStudioVersion = 17.13.35828.75 d17.13
MinimumVisualStudioVersion = 10.0.40219.1
Project("{54A90642-561A-4BB1-A94E-469ADEE60C69}") = "kxreacttemplate.client", "kxreacttemplate.client\kxreacttemplate.client.esproj", "{DE889CDB-1C4A-81C2-27EE-2F5E75F165E6}"
EndProject
Project("{FAE04EC0-301F-11D3-BF4B-00C04F79EFBC}") = "KxReactTemplate.Server", "KxReactTemplate.Server\KxReactTemplate.Server.csproj", "{9E83D1F8-1F0C-477F-815F-5265BC36996E}"
EndProject
Global
	GlobalSection(SolutionConfigurationPlatforms) = preSolution
		Debug|Any CPU = Debug|Any CPU
		Release|Any CPU = Release|Any CPU
	EndGlobalSection
	GlobalSection(ProjectConfigurationPlatforms) = postSolution
		{DE889CDB-1C4A-81C2-27EE-2F5E75F165E6}.Debug|Any CPU.ActiveCfg = Debug|Any CPU
		{DE889CDB-1C4A-81C2-27EE-2F5E75F165E6}.Debug|Any CPU.Build.0 = Debug|Any CPU
		{DE889CDB-1C4A-81C2-27EE-2F5E75F165E6}.Debug|Any CPU.Deploy.0 = Debug|Any CPU
		{DE889CDB-1C4A-81C2-27EE-2F5E75F165E6}.Release|Any CPU.ActiveCfg = Release|Any CPU
		{DE889CDB-1C4A-81C2-27EE-2F5E75F165E6}.Release|Any CPU.Build.0 = Release|Any CPU
		{DE889CDB-1C4A-81C2-27EE-2F5E75F165E6}.Release|Any CPU.Deploy.0 = Release|Any CPU
		{9E83D1F8-1F0C-477F-815F-5265BC36996E}.Debug|Any CPU.ActiveCfg = Debug|Any CPU
		{9E83D1F8-1F0C-477F-815F-5265BC36996E}.Debug|Any CPU.Build.0 = Debug|Any CPU
		{9E83D1F8-1F0C-477F-815F-5265BC36996E}.Release|Any CPU.ActiveCfg = Release|Any CPU
		{9E83D1F8-1F0C-477F-815F-5265BC36996E}.Release|Any CPU.Build.0 = Release|Any CPU
	EndGlobalSection
	GlobalSection(SolutionProperties) = preSolution
		HideSolutionNode = FALSE
	EndGlobalSection
	GlobalSection(ExtensibilityGlobals) = postSolution
		SolutionGuid = {F14344C5-CC31-4F41-A2C0-2BC0E4C8B0A2}
	EndGlobalSection
EndGlobal
